{
  "name": "fsoc",
  "version": "1.0.0",
  "lockfileVersion": 3,
  "requires": true,
  "packages": {
    "": {
      "name": "fsoc",
      "version": "1.0.0",
      "license": "ISC",
      "dependencies": {
        "jsonata": "^2.0.3"
      }
    },
    "node_modules/jsonata": {
      "version": "2.0.3",
      "resolved": "https://registry.npmjs.org/jsonata/-/jsonata-2.0.3.tgz",
      "integrity": "sha512-Up2H81MUtjqI/dWwWX7p4+bUMfMrQJVMN/jW6clFMTiYP528fBOBNtRu944QhKTs3+IsVWbgMeUTny5fw2VMUA==",
      "engines": {
        "node": ">= 8"
      }
    }
  }
}
